
Microsoft Visual Studio Solution File, Format Version 12.00
# Visual Studio Version 17
VisualStudioVersion = 17.8.34330.188
MinimumVisualStudioVersion = 10.0.40219.1
Project("{FAE04EC0-301F-11D3-BF4B-00C04F79EFBC}") = "ProiectC#", "ProiectC#\ProiectC#.csproj", "{5C75ED9F-83D6-4DFF-8E8D-EDD64C162B18}"
EndProject
Project("{FAE04EC0-301F-11D3-BF4B-00C04F79EFBC}") = "LibrarieModel", "LibrarieModel\LibrarieModel.csproj", "{BF309BF9-8F37-4EA4-94EC-8AAB95417AE4}"
EndProject
Project("{FAE04EC0-301F-11D3-BF4B-00C04F79EFBC}") = "LibStocareDate", "LibStocareDate\LibStocareDate.csproj", "{44F9393D-A2A8-4591-B33A-49B981BC939A}"
EndProject
Global
	GlobalSection(SolutionConfigurationPlatforms) = preSolution
		Debug|Any CPU = Debug|Any CPU
		Release|Any CPU = Release|Any CPU
	EndGlobalSection
	GlobalSection(ProjectConfigurationPlatforms) = postSolution
		{5C75ED9F-83D6-4DFF-8E8D-EDD64C162B18}.Debug|Any CPU.ActiveCfg = Debug|Any CPU
		{5C75ED9F-83D6-4DFF-8E8D-EDD64C162B18}.Debug|Any CPU.Build.0 = Debug|Any CPU
		{5C75ED9F-83D6-4DFF-8E8D-EDD64C162B18}.Release|Any CPU.ActiveCfg = Release|Any CPU
		{5C75ED9F-83D6-4DFF-8E8D-EDD64C162B18}.Release|Any CPU.Build.0 = Release|Any CPU
		{BF309BF9-8F37-4EA4-94EC-8AAB95417AE4}.Debug|Any CPU.ActiveCfg = Debug|Any CPU
		{BF309BF9-8F37-4EA4-94EC-8AAB95417AE4}.Debug|Any CPU.Build.0 = Debug|Any CPU
		{BF309BF9-8F37-4EA4-94EC-8AAB95417AE4}.Release|Any CPU.ActiveCfg = Release|Any CPU
		{BF309BF9-8F37-4EA4-94EC-8AAB95417AE4}.Release|Any CPU.Build.0 = Release|Any CPU
		{44F9393D-A2A8-4591-B33A-49B981BC939A}.Debug|Any CPU.ActiveCfg = Debug|Any CPU
		{44F9393D-A2A8-4591-B33A-49B981BC939A}.Debug|Any CPU.Build.0 = Debug|Any CPU
		{44F9393D-A2A8-4591-B33A-49B981BC939A}.Release|Any CPU.ActiveCfg = Release|Any CPU
		{44F9393D-A2A8-4591-B33A-49B981BC939A}.Release|Any CPU.Build.0 = Release|Any CPU
	EndGlobalSection
	GlobalSection(SolutionProperties) = preSolution
		HideSolutionNode = FALSE
	EndGlobalSection
	GlobalSection(ExtensibilityGlobals) = postSolution
		SolutionGuid = {F660DC12-7C16-4687-B923-32198C995A7C}
	EndGlobalSection
EndGlobal
